
Microsoft Visual Studio Solution File, Format Version 12.00
# Visual Studio 14
VisualStudioVersion = 14.0.24720.0
MinimumVisualStudioVersion = 10.0.40219.1
Project("{FAE04EC0-301F-11D3-BF4B-00C04F79EFBC}") = "Timus 1785", "Timus 1785\Timus 1785.csproj", "{AA732D5D-ABF8-42AC-8C22-181EB613B811}"
EndProject
Global
	GlobalSection(SolutionConfigurationPlatforms) = preSolution
		Debug|Any CPU = Debug|Any CPU
		Release|Any CPU = Release|Any CPU
	EndGlobalSection
	GlobalSection(ProjectConfigurationPlatforms) = postSolution
		{AA732D5D-ABF8-42AC-8C22-181EB613B811}.Debug|Any CPU.ActiveCfg = Debug|Any CPU
		{AA732D5D-ABF8-42AC-8C22-181EB613B811}.Debug|Any CPU.Build.0 = Debug|Any CPU
		{AA732D5D-ABF8-42AC-8C22-181EB613B811}.Release|Any CPU.ActiveCfg = Release|Any CPU
		{AA732D5D-ABF8-42AC-8C22-181EB613B811}.Release|Any CPU.Build.0 = Release|Any CPU
	EndGlobalSection
	GlobalSection(SolutionProperties) = preSolution
		HideSolutionNode = FALSE
	EndGlobalSection
EndGlobal
